{
    "_meta": {
        "hash": {
            "sha256": "21f3773894726e30d1a22673e96f31e14a89e364c6637a9a95379514300e11c7"
        },
        "pipfile-spec": 6,
        "requires": {
            "python_version": "3"
        },
        "sources": [
            {
                "name": "pypi",
                "url": "https://pypi.python.org/simple",
                "verify_ssl": true
            }
        ]
    },
    "default": {
        "attrs": {
            "hashes": [
                "sha256:149e90d6d8ac20db7a955ad60cf0e6881a3f20d37096140088356da6c716b0b1",
                "sha256:ef6aaac3ca6cd92904cdd0d83f629a15f18053ec84e6432106f7a4d04ae4f5fb"
            ],
            "version": "==21.2.0"
        },
        "certifi": {
            "hashes": [
                "sha256:2bbf76fd432960138b3ef6dda3dde0544f27cbf8546c458e60baf371917ba9ee",
                "sha256:50b1e4f8446b06f41be7dd6338db18e0990601dce795c2b1686458aa7e8fa7d8"
            ],
            "version": "==2021.5.30"
        },
        "chardet": {
            "hashes": [
                "sha256:0d6f53a15db4120f2b08c94f11e7d93d2c911ee118b6b30a04ec3ee8310179fa",
                "sha256:f864054d66fd9118f2e67044ac8981a54775ec5b67aed0441892edb553d21da5"
            ],
            "version": "==4.0.0"
        },
        "coverage": {
            "hashes": [
                "sha256:004d1880bed2d97151facef49f08e255a20ceb6f9432df75f4eef018fdd5a78c",
                "sha256:01d84219b5cdbfc8122223b39a954820929497a1cb1422824bb86b07b74594b6",
                "sha256:040af6c32813fa3eae5305d53f18875bedd079960822ef8ec067a66dd8afcd45",
                "sha256:06191eb60f8d8a5bc046f3799f8a07a2d7aefb9504b0209aff0b47298333302a",
                "sha256:13034c4409db851670bc9acd836243aeee299949bd5673e11844befcb0149f03",
                "sha256:13c4ee887eca0f4c5a247b75398d4114c37882658300e153113dafb1d76de529",
                "sha256:184a47bbe0aa6400ed2d41d8e9ed868b8205046518c52464fde713ea06e3a74a",
                "sha256:18ba8bbede96a2c3dde7b868de9dcbd55670690af0988713f0603f037848418a",
                "sha256:1aa846f56c3d49205c952d8318e76ccc2ae23303351d9270ab220004c580cfe2",
                "sha256:217658ec7187497e3f3ebd901afdca1af062b42cfe3e0dafea4cced3983739f6",
                "sha256:24d4a7de75446be83244eabbff746d66b9240ae020ced65d060815fac3423759",
                "sha256:2910f4d36a6a9b4214bb7038d537f015346f413a975d57ca6b43bf23d6563b53",
                "sha256:2949cad1c5208b8298d5686d5a85b66aae46d73eec2c3e08c817dd3513e5848a",
                "sha256:2a3859cb82dcbda1cfd3e6f71c27081d18aa251d20a17d87d26d4cd216fb0af4",
                "sha256:2cafbbb3af0733db200c9b5f798d18953b1a304d3f86a938367de1567f4b5bff",
                "sha256:2e0d881ad471768bf6e6c2bf905d183543f10098e3b3640fc029509530091502",
                "sha256:30c77c1dc9f253283e34c27935fded5015f7d1abe83bc7821680ac444eaf7793",
                "sha256:3487286bc29a5aa4b93a072e9592f22254291ce96a9fbc5251f566b6b7343cdb",
                "sha256:372da284cfd642d8e08ef606917846fa2ee350f64994bebfbd3afb0040436905",
                "sha256:41179b8a845742d1eb60449bdb2992196e211341818565abded11cfa90efb821",
                "sha256:44d654437b8ddd9eee7d1eaee28b7219bec228520ff809af170488fd2fed3e2b",
                "sha256:4a7697d8cb0f27399b0e393c0b90f0f1e40c82023ea4d45d22bce7032a5d7b81",
                "sha256:51cb9476a3987c8967ebab3f0fe144819781fca264f57f89760037a2ea191cb0",
                "sha256:52596d3d0e8bdf3af43db3e9ba8dcdaac724ba7b5ca3f6358529d56f7a166f8b",
                "sha256:53194af30d5bad77fcba80e23a1441c71abfb3e01192034f8246e0d8f99528f3",
                "sha256:5fec2d43a2cc6965edc0bb9e83e1e4b557f76f843a77a2496cbe719583ce8184",
                "sha256:6c90e11318f0d3c436a42409f2749ee1a115cd8b067d7f14c148f1ce5574d701",
                "sha256:74d881fc777ebb11c63736622b60cb9e4aee5cace591ce274fb69e582a12a61a",
                "sha256:7501140f755b725495941b43347ba8a2777407fc7f250d4f5a7d2a1050ba8e82",
                "sha256:796c9c3c79747146ebd278dbe1e5c5c05dd6b10cc3bcb8389dfdf844f3ead638",
                "sha256:869a64f53488f40fa5b5b9dcb9e9b2962a66a87dab37790f3fcfb5144b996ef5",
                "sha256:8963a499849a1fc54b35b1c9f162f4108017b2e6db2c46c1bed93a72262ed083",
                "sha256:8d0a0725ad7c1a0bcd8d1b437e191107d457e2ec1084b9f190630a4fb1af78e6",
                "sha256:900fbf7759501bc7807fd6638c947d7a831fc9fdf742dc10f02956ff7220fa90",
                "sha256:92b017ce34b68a7d67bd6d117e6d443a9bf63a2ecf8567bb3d8c6c7bc5014465",
                "sha256:970284a88b99673ccb2e4e334cfb38a10aab7cd44f7457564d11898a74b62d0a",
                "sha256:972c85d205b51e30e59525694670de6a8a89691186012535f9d7dbaa230e42c3",
                "sha256:9a1ef3b66e38ef8618ce5fdc7bea3d9f45f3624e2a66295eea5e57966c85909e",
                "sha256:af0e781009aaf59e25c5a678122391cb0f345ac0ec272c7961dc5455e1c40066",
                "sha256:b6d534e4b2ab35c9f93f46229363e17f63c53ad01330df9f2d6bd1187e5eaacf",
                "sha256:b7895207b4c843c76a25ab8c1e866261bcfe27bfaa20c192de5190121770672b",
                "sha256:c0891a6a97b09c1f3e073a890514d5012eb256845c451bd48f7968ef939bf4ae",
                "sha256:c2723d347ab06e7ddad1a58b2a821218239249a9e4365eaff6649d31180c1669",
                "sha256:d1f8bf7b90ba55699b3a5e44930e93ff0189aa27186e96071fac7dd0d06a1873",
                "sha256:d1f9ce122f83b2305592c11d64f181b87153fc2c2bbd3bb4a3dde8303cfb1a6b",
                "sha256:d314ed732c25d29775e84a960c3c60808b682c08d86602ec2c3008e1202e3bb6",
                "sha256:d636598c8305e1f90b439dbf4f66437de4a5e3c31fdf47ad29542478c8508bbb",
                "sha256:deee1077aae10d8fa88cb02c845cfba9b62c55e1183f52f6ae6a2df6a2187160",
                "sha256:ebe78fe9a0e874362175b02371bdfbee64d8edc42a044253ddf4ee7d3c15212c",
                "sha256:f030f8873312a16414c0d8e1a1ddff2d3235655a2174e3648b4fa66b3f2f1079",
                "sha256:f0b278ce10936db1a37e6954e15a3730bea96a0997c26d7fee88e6c396c2086d",
                "sha256:f11642dddbb0253cc8853254301b51390ba0081750a8ac03f20ea8103f0c56b6"
            ],
            "version": "==5.5"
        },
        "googleapis-common-protos": {
            "hashes": [
                "sha256:a88ee8903aa0a81f6c3cec2d5cf62d3c8aa67c06439b0496b49048fb1854ebf4",
                "sha256:f6d561ab8fb16b30020b940e2dd01cd80082f4762fa9f3ee670f4419b4b8dbd0"
            ],
            "index": "pypi",
            "version": "==1.53.0"
        },
        "grpcio": {
            "hashes": [
                "sha256:0247b045feb7b138754c91efcca9ea7f7d2cc9f0bd2cc73f6588c523f38873c3",
                "sha256:07abf6b36c138bf247cef7ac0bad9f8ab1c8242f7c1302af23bb8e6877d08163",
                "sha256:0ab78d4c16d7f3924718711689f5e301aec52cfcf38eb4143bed0f74b7c4fd10",
                "sha256:10a6c62e0cddd456db91f9f04b53a8cccf67d86d7ca814d989423939099c2723",
                "sha256:1c11041ecb69d962d49e8a38a35736cdc6fc74230867b5f0ac6138770387a950",
                "sha256:1d157a2ac6632d31a3ff21f56bbe73420e1d7a21e4fe89d8c7ac792b79c1a589",
                "sha256:1d212af1008bdbfd4b8a287e17a8e63e14d72ac450475307452f20c1bbb6bae4",
                "sha256:1e88a8d5d961df958362f61b1b79ad3981a8b051f99224717b09308546298902",
                "sha256:25028420d004fe33d64015f5d4d97207c53530acdb493310e217fac76dcd2513",
                "sha256:2736b109ec5bd9fcf580bf871b5fd4f136c6ae9728407f344a3c64ad87bb6519",
                "sha256:277faad1d8d462bd1b986f43a47a2c2fe795b2e0de72c9318e11826d921e665a",
                "sha256:291dcde4139bc25629de6a743cfcc0ca861e289e3547421ecd2273b51d95b8e1",
                "sha256:2c26cb7566e8942542ff1aee71f10ed35e2f9ee95c2f27179b198af0727fbebb",
                "sha256:32067791bd56a13614399f1994454afea9e2475019fcabc4abd3112f09892005",
                "sha256:34fb08d46a70750bef6566c9556a16b98e08af6345a3bad6574477eb0b08c3dd",
                "sha256:3cacfee78310b5a89769b2fac20b8cd723470130f5b1ba0c960da8db39e74a97",
                "sha256:4a1dd16ccf76ddc18c1cde900049c04ed996e6c02e0588d88d06396c398e6023",
                "sha256:604da72df5bece8844a15990ce0b3f2f8c5243a1333d3dcc02371048bf6f9269",
                "sha256:6461d69a8ae20e7abce4c6d9cc2603e9f16f4d6b64865eddd0e664127349c04d",
                "sha256:6824567e2372dde1bd70214427d23b709d09f1a02a552133d1e0f504b616c84e",
                "sha256:7466eef3b57b5ac8c7585251b26b917b093ab015750bf98aab4e0836c39e2a2b",
                "sha256:752593a275e26ef250dc4d93a6f7917dd9986396b41eabcc114b0e0315ec1bf6",
                "sha256:7b74c48b2e41dd506f889a4a9974d40b3eead965b0fd2e0b1d55a9b3c0e3bc6e",
                "sha256:897bcd54890e6ec6359063affb35e19a61a58ba37bc61c9e8ac6b464b854233e",
                "sha256:8c4f39ad529fb4a33cd6e58d1d860c3b583902208547614b4b5b75fc306f13f6",
                "sha256:924552099365ea1dd32237dc161849452cd567d931efc57e8427260d8f0eacdb",
                "sha256:9a2216df1be9fdbc3c1ebd3c5184d1ef4afb387c29224fce00346b9ddec7c7e3",
                "sha256:9f1747b81d44daed0649ff10395b58c4f29b03139a628afeb058f3e942ba6893",
                "sha256:a0d7c88b4cf9748147cd6c16e14569a124b683a3eb5d7787f43eb9d48cf86755",
                "sha256:a4789014f9d9e9ff29551314a004266b1ac90225c8a009dc87947aaf823fd83c",
                "sha256:a836f21a1d08d28c8344e149b28729649ff4732c318a59a3628451bbd6c3c9ac",
                "sha256:a8f9fcf5623282e4804595166a4ee1401cf4ccfc16fe84bb69e1eb23ffd836ac",
                "sha256:abbf9c8c3df4d5233d5888c6cfa85c1bb68a6923749bd4dd1abc6e1e93986f17",
                "sha256:ac05434a7a7f444b2ddd109d72f87f4704364be159aea42a04bd6ea2ba6e10e4",
                "sha256:b4cd8fb4e3725e8852b1da734904edb3579c76660ae26a72283ac580779e5bf0",
                "sha256:b86a1b0654804b5f2248d9262c77a9d5f19882481fc21df53eb2823d0875b86d",
                "sha256:be83ca2d24321c8bf6516b9cd1064da15ac3ff3978c6c502643be114e2a54af2",
                "sha256:c47e85eae34af5d17d1c2007a1f0b13a0293d4b7a6d8c8ae23761d718293803e",
                "sha256:cbd2754da81bf5f18454c7808b4afe5b57c6736955a742fb599b32b6353fe99f",
                "sha256:cd220606259f8aa2403bc0f4a4483bae5e36be879364ca3e256f0304ac44f575",
                "sha256:d3566acd87a65a0bc93875125a7064293ab2b6ffb9327333030939681d269f4f",
                "sha256:d631304e66c908d5d2d1a3cc9c02d372d2f8bed8c3632902d6f3f77d7ca34ac2",
                "sha256:db01eaea57e7a1898c69271e35a84341cf8150cfdec5f0411eddcfb65b5f590e",
                "sha256:e3072b9ebb573fe1f6757a55b610e4975979d2d58247cbe18ff4385f5aaa81a5",
                "sha256:e72dd202c982a5922c3b846976cae3b699e3fa8d2355d9d5bad119d066cf23ee",
                "sha256:e83ab148911e6c8ae4ec5e1334e6d800c6b84c432b92eb0ebf0808087117cb39",
                "sha256:f19bd4b5bcf88ee059f478c4ab46a1607f09835587750294038fbd0120f1a9dc",
                "sha256:f2c4ff0e8c98418c5d55c28ba4ff954e3a5d3c723af5008e8d3ddeae8f0ecb41",
                "sha256:f6f6d51c9efbfe56af9eb9eeb4881cad1b869e4c0e2a32c1d345897fd0979ee3",
                "sha256:f8dd51b05e7fde843d7a3140b058f02801fbec5784a036d5f6abb374450d4608",
                "sha256:f9b3678920017842a1b576de3524ecf8f6a2bf4b39f86fb25b870693141e0584"
            ],
            "version": "==1.38.0"
        },
        "grpcio-tools": {
            "hashes": [
                "sha256:0873697064cdbb116ba9f88ff524e13e9afd78bf7905ecd6a0f0f743bf40ca64",
                "sha256:0a7b85758e44d9585f27fc7692b58e63952a2e9130cfbbd16defda8c2ffbb2ad",
                "sha256:120bad5a3f3288ae8acd07d839a13d7873304ae35a1d717033295e90ed9bd8ac",
                "sha256:125859be6458e65e348c50ddb7a964ba48945d521af3f46ce35aca9a2b752296",
                "sha256:377cd9b8d2098d2ced48d3dee466fd73fb19128aa0edc6f1799077cf4dbda606",
                "sha256:55ed5c5de883defacd899123ba5a9f0077b7fb87d8f1778cb5996b4391604447",
                "sha256:582b77e7a4905063d8071ac3685cefa38941799d5f4ea7b4519281a28cfc6752",
                "sha256:5cec989d219164312bdfa9389aedaea5887fb8133bb1a247fcde5901775b5427",
                "sha256:66d2a6237941199df0493e46b8a3123005b4dfde9af1b9572e8c54eb605a7567",
                "sha256:6898776449485feedb6d0fd98d3a36c8882c32a5603b86b2511e2557ee765d40",
                "sha256:693dc16a65b1766037fca8cddc173c0f45e79dd14e05d61128a30dbfd02f6503",
                "sha256:6df49b402f387decaaf57784c3e74bea6f34cf446cc45d4bf7b9adb34f97fb20",
                "sha256:6fee070c18be66a282ceb56245191dabf80986aee333e74d2fdea58118b452d4",
                "sha256:702c3eb61a3cfddcaea04d2358c0390c2e189fe42b64a92239df8292366ab4df",
                "sha256:747b547c487231a6325eda820d1d6a7c6080eda2cd1f68a7d4b2f8d9cc0a3e95",
                "sha256:76900dde111192900c6eb5ed491cf0d8a13403e502c74859f2e2c3116842668a",
                "sha256:7969915ac252d0e67f9cfd4f8b9d6bb546efc7b26bce34978a940e37ee4078d5",
                "sha256:80ef584f7b917f575e4b8f2ec59cd4a4d98c2046e801a735f3136b05742a36a6",
                "sha256:92336c60db1052c865ab7c9936680187d16d2f565c470ba03199e817120714e8",
                "sha256:93e3ba4696b69fc4356a0823ecddd8b29ebb1fba0571f27574b1182ef5c262f6",
                "sha256:96e1c0d267eb03b819a31bcf973579220ec3b8b53178952daa9e2f1ad696783f",
                "sha256:9b8556e2938ef9437ef07d028b46198f299533497df878f96785502e6f74250d",
                "sha256:9fa491aaccd455e3aec35d12bcef5dce307c674f08e98bbbf33bf6774e6e2ec5",
                "sha256:a3a64797840fd4917ec98532d17b9b7c6a954dcfd7862657c750255556d369a5",
                "sha256:add07eb3c79478b003ac3af7b636275c37fa6bac56e6a29f79128bea09b37488",
                "sha256:aec997dafa90a29b399bdb23d968ab43da223faeac005d384a1194f43ee0f46e",
                "sha256:af392594ba30b5ee470b7538cf792df970e2097edc299685d8e0d76b2b1bef7b",
                "sha256:bbe8da70ccbe21c72599eb8de5ad26bd053c01f4f03c48ea16323f96f1ec7095",
                "sha256:bc6257b5533c66143f4f084aea3ae52c1c01f99997a8b81d2259d0cf083176b5",
                "sha256:c02b5b6d185b1af86342381ddd1ad3d0482c4116e203e52a7145636fb1b2ad12",
                "sha256:c669f1ee5642631ad93fa51d298306124d26bccc76ce63a3bc143ddcf01c58af",
                "sha256:cd44135fb8b45acc79424e7354bb4548911a6202ca2fac384574099f8d998f06",
                "sha256:ce621375bc7dfaeac93e23e202771a6e567a8ea7e9a7cc690b87d8b1950e3da6",
                "sha256:d6b3c868c6ac15a0e288d3a5380ad5f01802cbbed8645333e496fa31ecea19af",
                "sha256:d95dfefe156be02bcce4eb044ac7ff166c8a6c288d71bc3ed960d8b26bce2786",
                "sha256:dcdfe82237e7498eb49dd12751716c55d189a5e49b4bda0bb53f85acbe51bbb1",
                "sha256:e730845677e45c6829d212be6e4fb69768979c3b35b5884293be02a7f436e18c",
                "sha256:ebbfdbff079bfc303a4e1d3da59302147d5cf4f1db2c412a074366149d93e89e",
                "sha256:f2befead0395e8aaab1e8f76825c8c9fa93d69249a513c26107a55183f91ccd9",
                "sha256:f35fad86d99743cc15fccf11ec74d8c9b76e997cd233dc1fd031457d3f0fd7fc",
                "sha256:f4326b1a5352e85480629bf888b132f0aec79bb791d29cd3e2322586cd70433a",
                "sha256:f74f0c3eedc0de72c402e82bb1199ffe5e359ccdac70bf789d65444042a84f42",
                "sha256:f7ba8d631f8f5c089958285545bd9e307fd752cdd1fa31515a51cfc1e04b833d",
                "sha256:facda541209a0b0edfccf6a5b18ce344c4e90bc8950c995482c85936a23ba939",
                "sha256:fd5eed43f5764209a95a58db82c064c1958525f30ad8ebb57df38dd2c9e86aa7",
                "sha256:ff1792b188183e977e2feccb1f3b3d4580f921df8f61385d7ae8eace10578a23"
            ],
            "index": "pypi",
            "version": "==1.36.1"
        },
        "idna": {
            "hashes": [
                "sha256:b307872f855b18632ce0c21c5e45be78c0ea7ae4c15c828c20788b26921eb3f6",
                "sha256:b97d804b1e9b523befed77c48dacec60e6dcb0b5391d57af6a65a312a90648c0"
            ],
            "version": "==2.10"
        },
        "importlib-metadata": {
            "hashes": [
                "sha256:c9db46394197244adf2f0b08ec5bc3cf16757e9590b02af1fca085c16c0d600a",
                "sha256:d2d46ef77ffc85cbf7dac7e81dd663fde71c45326131bea8033b9bad42268ebe"
            ],
            "index": "pypi",
            "version": "==3.10.0"
        },
        "iniconfig": {
            "hashes": [
                "sha256:011e24c64b7f47f6ebd835bb12a743f2fbe9a26d4cecaa7f53bc4f35ee9da8b3",
                "sha256:bc3af051d7d14b2ee5ef9969666def0cd1a000e121eaea580d4a313df4b37f32"
            ],
            "version": "==1.1.1"
        },
        "jinja2": {
            "hashes": [
                "sha256:03e47ad063331dd6a3f04a43eddca8a966a26ba0c5b7207a9a9e4e08f1b29419",
                "sha256:a6d58433de0ae800347cab1fa3043cebbabe8baa9d29e668f1c768cb87a333c6"
            ],
            "index": "pypi",
            "version": "==2.11.3"
        },
        "markupsafe": {
            "hashes": [
                "sha256:01a9b8ea66f1658938f65b93a85ebe8bc016e6769611be228d797c9d998dd298",
                "sha256:023cb26ec21ece8dc3907c0e8320058b2e0cb3c55cf9564da612bc325bed5e64",
                "sha256:0446679737af14f45767963a1a9ef7620189912317d095f2d9ffa183a4d25d2b",
                "sha256:0717a7390a68be14b8c793ba258e075c6f4ca819f15edfc2a3a027c823718567",
                "sha256:0955295dd5eec6cb6cc2fe1698f4c6d84af2e92de33fbcac4111913cd100a6ff",
                "sha256:10f82115e21dc0dfec9ab5c0223652f7197feb168c940f3ef61563fc2d6beb74",
                "sha256:1d609f577dc6e1aa17d746f8bd3c31aa4d258f4070d61b2aa5c4166c1539de35",
                "sha256:2ef54abee730b502252bcdf31b10dacb0a416229b72c18b19e24a4509f273d26",
                "sha256:3c112550557578c26af18a1ccc9e090bfe03832ae994343cfdacd287db6a6ae7",
                "sha256:47ab1e7b91c098ab893b828deafa1203de86d0bc6ab587b160f78fe6c4011f75",
                "sha256:49e3ceeabbfb9d66c3aef5af3a60cc43b85c33df25ce03d0031a608b0a8b2e3f",
                "sha256:4efca8f86c54b22348a5467704e3fec767b2db12fc39c6d963168ab1d3fc9135",
                "sha256:53edb4da6925ad13c07b6d26c2a852bd81e364f95301c66e930ab2aef5b5ddd8",
                "sha256:594c67807fb16238b30c44bdf74f36c02cdf22d1c8cda91ef8a0ed8dabf5620a",
                "sha256:611d1ad9a4288cf3e3c16014564df047fe08410e628f89805e475368bd304914",
                "sha256:6557b31b5e2c9ddf0de32a691f2312a32f77cd7681d8af66c2692efdbef84c18",
                "sha256:693ce3f9e70a6cf7d2fb9e6c9d8b204b6b39897a2c4a1aa65728d5ac97dcc1d8",
                "sha256:6a7fae0dd14cf60ad5ff42baa2e95727c3d81ded453457771d02b7d2b3f9c0c2",
                "sha256:6c4ca60fa24e85fe25b912b01e62cb969d69a23a5d5867682dd3e80b5b02581d",
                "sha256:7d91275b0245b1da4d4cfa07e0faedd5b0812efc15b702576d103293e252af1b",
                "sha256:905fec760bd2fa1388bb5b489ee8ee5f7291d692638ea5f67982d968366bef9f",
                "sha256:97383d78eb34da7e1fa37dd273c20ad4320929af65d156e35a5e2d89566d9dfb",
                "sha256:984d76483eb32f1bcb536dc27e4ad56bba4baa70be32fa87152832cdd9db0833",
                "sha256:a30e67a65b53ea0a5e62fe23682cfe22712e01f453b95233b25502f7c61cb415",
                "sha256:ab3ef638ace319fa26553db0624c4699e31a28bb2a835c5faca8f8acf6a5a902",
                "sha256:b2f4bf27480f5e5e8ce285a8c8fd176c0b03e93dcc6646477d4630e83440c6a9",
                "sha256:b7f2d075102dc8c794cbde1947378051c4e5180d52d276987b8d28a3bd58c17d",
                "sha256:be98f628055368795d818ebf93da628541e10b75b41c559fdf36d104c5787066",
                "sha256:d7f9850398e85aba693bb640262d3611788b1f29a79f0c93c565694658f4071f",
                "sha256:f5653a225f31e113b152e56f154ccbe59eeb1c7487b39b9d9f9cdb58e6c79dc5",
                "sha256:f826e31d18b516f653fe296d967d700fddad5901ae07c622bb3705955e1faa94",
                "sha256:f8ba0e8349a38d3001fae7eadded3f6606f0da5d748ee53cc1dab1d6527b9509",
                "sha256:f9081981fe268bd86831e5c75f7de206ef275defcb82bc70740ae6dc507aee51",
                "sha256:fa130dd50c57d53368c9d59395cb5526eda596d3ffe36666cd81a44d56e48872"
            ],
            "version": "==2.0.1"
        },
        "packaging": {
            "hashes": [
                "sha256:5b327ac1320dc863dca72f4514ecc086f31186744b84a230374cc1fd776feae5",
                "sha256:67714da7f7bc052e064859c05c595155bd1ee9f69f76557e21f051443c20947a"
            ],
            "version": "==20.9"
        },
        "pluggy": {
            "hashes": [
                "sha256:15b2acde666561e1298d71b523007ed7364de07029219b604cf808bfa1c765b0",
                "sha256:966c145cd83c96502c3c3868f50408687b38434af77734af1e9ca461a4081d2d"
            ],
            "version": "==0.13.1"
        },
        "protobuf": {
            "hashes": [
                "sha256:0f237c1e84e46747397a3e8173edb3116e81163b2878fc944a5193b05876eaee",
                "sha256:1fcace96670b8512e805d6e275bd59b860967a7648e05cfad35ec1e7c03d7262",
                "sha256:25bc4f1c23aced9b3a9e70eef7f03e63bcbd6cfbd881a91b5688412dce8992e1",
                "sha256:27c7c933b838a0837eb1f429e7994310ee8577a7b69abc38e84d5db97a2650a2",
                "sha256:2a88be54fce118d69f083b847554afd1852053c0869bdac396678ec9ec6a94d5",
                "sha256:2c6ad26f079301bcf9f1b5d5b4b2dbac0e2e7c0111c6fbecf94f558952c78ee0",
                "sha256:36d306dda3c159a5fe0025ba0e9728aac00dd69523dd12ee3fb7b1717cd80e7d",
                "sha256:40bf764b63f06a816b1c079f7718184fdd8dbfd9dad3cd1a446382492ca00b3e",
                "sha256:437d4681160ac5310457c4dc8ab973ec56769a236c479393c53fa71a26dfb38f",
                "sha256:4ef4865ee740d5b45adfc96481adf1fcbfbb454bd51b86f4c4a5065262d0b08b",
                "sha256:5057744a363d65d2780dc01fa751bb14e860c507b2598b22af241aabb28a0ae9",
                "sha256:6e48c9b26d8e262331c79b208c4bf6b499a71912b1213d77b63c5ca248fc2a4e",
                "sha256:762faa8873d0569466cf66128bdbadd5e500600bdf2f87cf039493ed9d2725b6",
                "sha256:8a509097ba25452c9b44198843b0df67f921bd36f37adcbcfaaf6ee5cbe09132",
                "sha256:94be4d5c2ba372ff159b2cc804d274acbaa7ebf361966f5619f99880c7c09a3c",
                "sha256:a15898d88307dba0363767b30960396a2dec74b8ffe7bcb4e885312a569eda3f",
                "sha256:ad17d3dd80f3377fc70a9dd677ec51231a892f9f65783cf7d2d24ee381f0feca",
                "sha256:ad8cdbc594c886483970ac274b5af98483b272e873b7c5dac60aa3a7222301b3",
                "sha256:b92f95994ff27a6992ea2cf3f369476ad0065986eb00252b760d0bc55c5454a8",
                "sha256:c1631570af7aae611f1cd7c6918fe4a7154507169ef30e8c5f380eba36ee2659",
                "sha256:cbd132f0aa7180f099d3c47fecfbcdca1590ef3b7da8346146192ba580c9b24e",
                "sha256:d06ef0f7873e04e2d1a2bfa0701d063e4dde5242b2946c6f071a442e4cb3be0b",
                "sha256:fea786428b34385b073ef619d896282889b432b87dc043c0b815c72d35d64025"
            ],
            "version": "==3.17.1"
        },
        "py": {
            "hashes": [
                "sha256:21b81bda15b66ef5e1a777a21c4dcd9c20ad3efd0b3f817e7a809035269e1bd3",
                "sha256:3b80836aa6d1feeaa108e046da6423ab8f6ceda6468545ae8d02d9d58d18818a"
            ],
            "version": "==1.10.0"
        },
        "pyparsing": {
            "hashes": [
                "sha256:c203ec8783bf771a155b207279b9bccb8dea02d8f0c9e5f8ead507bc3246ecc1",
                "sha256:ef9d7589ef3c200abe66653d3f1ab1033c3c419ae9b9bdb1240a85b024efc88b"
            ],
            "version": "==2.4.7"
        },
        "pytest": {
            "hashes": [
                "sha256:9d1edf9e7d0b84d72ea3dbcdfd22b35fb543a5e8f2a60092dd578936bf63d7f9",
                "sha256:b574b57423e818210672e07ca1fa90aaf194a4f63f3ab909a2c67ebb22913839"
            ],
            "index": "pypi",
            "version": "==6.2.2"
        },
        "pytest-cov": {
            "hashes": [
                "sha256:359952d9d39b9f822d9d29324483e7ba04a3a17dd7d05aa6beb7ea01e359e5f7",
                "sha256:bdb9fdb0b85a7cc825269a4c56b48ccaa5c7e365054b6038772c32ddcdc969da"
            ],
            "index": "pypi",
            "version": "==2.11.1"
        },
        "requests": {
            "hashes": [
                "sha256:27973dd4a904a4f13b263a19c866c13b92a39ed1c964655f025f3f8d3d75b804",
                "sha256:c210084e36a42ae6b9219e00e48287def368a26d03a048ddad7bfee44f75871e"
            ],
            "index": "pypi",
            "version": "==2.25.1"
        },
        "six": {
            "hashes": [
                "sha256:1e61c37477a1626458e36f7b1d82aa5c9b094fa4802892072e49de9c60c4c926",
                "sha256:8abb2f1d86890a2dfb989f9a77cfcfd3e47c2a354b01111771326f8aa26e0254"
            ],
            "version": "==1.16.0"
        },
        "toml": {
            "hashes": [
                "sha256:806143ae5bfb6a3c6e736a764057db0e6a0e05e338b5630894a5f779cabb4f9b",
                "sha256:b3bda1d108d5dd99f4a20d24d9c348e91c4db7ab1b749200bded2f839ccbe68f"
            ],
            "version": "==0.10.2"
        },
        "urllib3": {
            "hashes": [
                "sha256:753a0374df26658f99d826cfe40394a686d05985786d946fbe4165b5148f5a7c",
                "sha256:a7acd0977125325f516bda9735fa7142b909a8d01e8b2e4c8108d0984e6e0098"
            ],
            "index": "pypi",
            "version": "==1.26.5"
        },
        "zipp": {
            "hashes": [
                "sha256:3607921face881ba3e026887d8150cca609d517579abe052ac81fc5aeffdbd76",
                "sha256:51cb66cc54621609dd593d1787f286ee42a5c0adbb4b29abea5a63edc3e03098"
            ],
            "version": "==3.4.1"
        }
    },
    "develop": {}
}
